{
  "originHash" : "a1a9c5e1782669efad312192b10c611c4f4acca323b75cdaf6dc9696a099917d",
  "pins" : [
    {
      "identity" : "flyingfox",
      "kind" : "remoteSourceControl",
      "location" : "https://github.com/swhitty/FlyingFox.git",
      "state" : {
        "revision" : "d06fd45653bcab9803af31d66440f552c9dd9c93",
        "version" : "0.27.0"
      }
    }
  ],
  "version" : 3
}
