{
  "originHash" : "7a3d5ba545c2bec69e2bd9596fca0715174ef9aeb7b48da0985454033151bbb8",
  "pins" : [
    {
      "identity" : "flyingfox",
      "kind" : "remoteSourceControl",
      "location" : "https://github.com/swhitty/FlyingFox.git",
      "state" : {
        "revision" : "4e246d3fb515bd2069e5c169abdc75808b90548f",
        "version" : "0.27.1"
      }
    }
  ],
  "version" : 3
}
